
Microsoft Visual Studio Solution File, Format Version 12.00
# Visual Studio Version 16
VisualStudioVersion = 16.0.31229.75
MinimumVisualStudioVersion = 10.0.40219.1
Project("{FAE04EC0-301F-11D3-BF4B-00C04F79EFBC}") = "app2service", "app2service\app2service.csproj", "{BB8BEF61-FC39-4D36-A831-AED88E62D293}"
EndProject
Global
	GlobalSection(SolutionConfigurationPlatforms) = preSolution
		Debug|Any CPU = Debug|Any CPU
		Release|Any CPU = Release|Any CPU
	EndGlobalSection
	GlobalSection(ProjectConfigurationPlatforms) = postSolution
		{BB8BEF61-FC39-4D36-A831-AED88E62D293}.Debug|Any CPU.ActiveCfg = Debug|Any CPU
		{BB8BEF61-FC39-4D36-A831-AED88E62D293}.Debug|Any CPU.Build.0 = Debug|Any CPU
		{BB8BEF61-FC39-4D36-A831-AED88E62D293}.Release|Any CPU.ActiveCfg = Release|Any CPU
		{BB8BEF61-FC39-4D36-A831-AED88E62D293}.Release|Any CPU.Build.0 = Release|Any CPU
	EndGlobalSection
	GlobalSection(SolutionProperties) = preSolution
		HideSolutionNode = FALSE
	EndGlobalSection
	GlobalSection(ExtensibilityGlobals) = postSolution
		SolutionGuid = {50D4A118-0EEA-4D75-AC6D-A975C1869813}
	EndGlobalSection
EndGlobal
